
Microsoft Visual Studio Solution File, Format Version 12.00
# Visual Studio 2012
Project("{FAE04EC0-301F-11D3-BF4B-00C04F79EFBC}") = "menubar", "menubar\menubar.csproj", "{CFAB0A2E-8FA4-4AF7-AC1E-1C33C3997514}"
EndProject
Global
	GlobalSection(SolutionConfigurationPlatforms) = preSolution
		Debug|Any CPU = Debug|Any CPU
		Release|Any CPU = Release|Any CPU
		AppStore|Any CPU = AppStore|Any CPU
	EndGlobalSection
	GlobalSection(ProjectConfigurationPlatforms) = postSolution
		{CFAB0A2E-8FA4-4AF7-AC1E-1C33C3997514}.AppStore|Any CPU.ActiveCfg = AppStore|Any CPU
		{CFAB0A2E-8FA4-4AF7-AC1E-1C33C3997514}.AppStore|Any CPU.Build.0 = AppStore|Any CPU
		{CFAB0A2E-8FA4-4AF7-AC1E-1C33C3997514}.Debug|Any CPU.ActiveCfg = Debug|Any CPU
		{CFAB0A2E-8FA4-4AF7-AC1E-1C33C3997514}.Debug|Any CPU.Build.0 = Debug|Any CPU
		{CFAB0A2E-8FA4-4AF7-AC1E-1C33C3997514}.Release|Any CPU.ActiveCfg = Release|Any CPU
		{CFAB0A2E-8FA4-4AF7-AC1E-1C33C3997514}.Release|Any CPU.Build.0 = Release|Any CPU
	EndGlobalSection
	GlobalSection(MonoDevelopProperties) = preSolution
		StartupItem = menubar\menubar.csproj
	EndGlobalSection
EndGlobal
